{
  "originHash" : "85372406515a86e7963c3630577b1ae0ef399277b93d1faf1ed1575b88a0468b",
  "pins" : [
    {
      "identity" : "feedkit",
      "kind" : "remoteSourceControl",
      "location" : "https://github.com/nmdias/FeedKit",
      "state" : {
        "revision" : "7cd3569dac2a82118eb22d8bce48d040ef0d014d",
        "version" : "10.1.3"
      }
    }
  ],
  "version" : 3
}
